// !$*UTF8*$!
{
	archiveVersion = 1;
	classes = {
	};
	objectVersion = 55;
	objects = {

/* Begin PBXBuildFile section */
		7C303C78276E0B5600C260B0 /* AppDelegate.swift in Sources */ = {isa = PBXBuildFile; fileRef = 7C303C77276E0B5600C260B0 /* AppDelegate.swift */; };
		7C303C7A276E0B5600C260B0 /* SceneDelegate.swift in Sources */ = {isa = PBXBuildFile; fileRef = 7C303C79276E0B5600C260B0 /* SceneDelegate.swift */; };
		7C303C7F276E0B5600C260B0 /* Main.storyboard in Resources */ = {isa = PBXBuildFile; fileRef = 7C303C7D276E0B5600C260B0 /* Main.storyboard */; };
		7C303C81276E0B5900C260B0 /* Assets.xcassets in Resources */ = {isa = PBXBuildFile; fileRef = 7C303C80276E0B5900C260B0 /* Assets.xcassets */; };
		7C303C84276E0B5900C260B0 /* LaunchScreen.storyboard in Resources */ = {isa = PBXBuildFile; fileRef = 7C303C82276E0B5900C260B0 /* LaunchScreen.storyboard */; };
		7C303C8C276E0C0400C260B0 /* AnasayfaVC.swift in Sources */ = {isa = PBXBuildFile; fileRef = 7C303C8B276E0C0400C260B0 /* AnasayfaVC.swift */; };
		7C303C8E276E0D2A00C260B0 /* KisiKayitVC.swift in Sources */ = {isa = PBXBuildFile; fileRef = 7C303C8D276E0D2A00C260B0 /* KisiKayitVC.swift */; };
		7C303C90276E0D4B00C260B0 /* KisiDetayVC.swift in Sources */ = {isa = PBXBuildFile; fileRef = 7C303C8F276E0D4B00C260B0 /* KisiDetayVC.swift */; };
		7C303C92276E102100C260B0 /* Kisiler.swift in Sources */ = {isa = PBXBuildFile; fileRef = 7C303C91276E102100C260B0 /* Kisiler.swift */; };
		7C44F2E2276F5234007179C7 /* TableViewHucre.swift in Sources */ = {isa = PBXBuildFile; fileRef = 7C44F2E1276F5234007179C7 /* TableViewHucre.swift */; };
		7C79FC21277A20C9008EB9AD /* KisiKayitProtocols.swift in Sources */ = {isa = PBXBuildFile; fileRef = 7C79FC20277A20C9008EB9AD /* KisiKayitProtocols.swift */; };
		7C79FC23277A22D1008EB9AD /* KisiKayitInteractor.swift in Sources */ = {isa = PBXBuildFile; fileRef = 7C79FC22277A22D1008EB9AD /* KisiKayitInteractor.swift */; };
		7C79FC25277A2343008EB9AD /* KisiKayitPresenter.swift in Sources */ = {isa = PBXBuildFile; fileRef = 7C79FC24277A2343008EB9AD /* KisiKayitPresenter.swift */; };
		7C79FC27277A24B1008EB9AD /* KisiKayitRouter.swift in Sources */ = {isa = PBXBuildFile; fileRef = 7C79FC26277A24B1008EB9AD /* KisiKayitRouter.swift */; };
		7C79FC2D277A2C27008EB9AD /* KisiDetayProtocols.swift in Sources */ = {isa = PBXBuildFile; fileRef = 7C79FC2C277A2C27008EB9AD /* KisiDetayProtocols.swift */; };
		7C79FC2F277A2E3B008EB9AD /* KisiDetayInteractor.swift in Sources */ = {isa = PBXBuildFile; fileRef = 7C79FC2E277A2E3B008EB9AD /* KisiDetayInteractor.swift */; };
		7C79FC31277A2ECE008EB9AD /* KisiDetayPresenter.swift in Sources */ = {isa = PBXBuildFile; fileRef = 7C79FC30277A2ECE008EB9AD /* KisiDetayPresenter.swift */; };
		7C79FC33277A2FF2008EB9AD /* KisiDetayRouter.swift in Sources */ = {isa = PBXBuildFile; fileRef = 7C79FC32277A2FF2008EB9AD /* KisiDetayRouter.swift */; };
		7C79FC39277A332E008EB9AD /* AnasayfaProtocols.swift in Sources */ = {isa = PBXBuildFile; fileRef = 7C79FC38277A332E008EB9AD /* AnasayfaProtocols.swift */; };
		7C79FC3B277A3AC3008EB9AD /* AnasayfaInteractor.swift in Sources */ = {isa = PBXBuildFile; fileRef = 7C79FC3A277A3AC3008EB9AD /* AnasayfaInteractor.swift */; };
		7C79FC3D277A3C61008EB9AD /* AnasayfaPresenter.swift in Sources */ = {isa = PBXBuildFile; fileRef = 7C79FC3C277A3C61008EB9AD /* AnasayfaPresenter.swift */; };
		7C79FC3F277A3FEF008EB9AD /* AnasayfaRouter.swift in Sources */ = {isa = PBXBuildFile; fileRef = 7C79FC3E277A3FEF008EB9AD /* AnasayfaRouter.swift */; };
/* End PBXBuildFile section */

/* Begin PBXFileReference section */
		7C303C74276E0B5600C260B0 /* KisilerUygulamasi.app */ = {isa = PBXFileReference; explicitFileType = wrapper.application; includeInIndex = 0; path = KisilerUygulamasi.app; sourceTree = BUILT_PRODUCTS_DIR; };
		7C303C77276E0B5600C260B0 /* AppDelegate.swift */ = {isa = PBXFileReference; lastKnownFileType = sourcecode.swift; path = AppDelegate.swift; sourceTree = "<group>"; };
		7C303C79276E0B5600C260B0 /* SceneDelegate.swift */ = {isa = PBXFileReference; lastKnownFileType = sourcecode.swift; path = SceneDelegate.swift; sourceTree = "<group>"; };
		7C303C7E276E0B5600C260B0 /* Base */ = {isa = PBXFileReference; lastKnownFileType = file.storyboard; name = Base; path = Base.lproj/Main.storyboard; sourceTree = "<group>"; };
		7C303C80276E0B5900C260B0 /* Assets.xcassets */ = {isa = PBXFileReference; lastKnownFileType = folder.assetcatalog; path = Assets.xcassets; sourceTree = "<group>"; };
		7C303C83276E0B5900C260B0 /* Base */ = {isa = PBXFileReference; lastKnownFileType = file.storyboard; name = Base; path = Base.lproj/LaunchScreen.storyboard; sourceTree = "<group>"; };
		7C303C85276E0B5900C260B0 /* Info.plist */ = {isa = PBXFileReference; lastKnownFileType = text.plist.xml; path = Info.plist; sourceTree = "<group>"; };
		7C303C8B276E0C0400C260B0 /* AnasayfaVC.swift */ = {isa = PBXFileReference; lastKnownFileType = sourcecode.swift; path = AnasayfaVC.swift; sourceTree = "<group>"; };
		7C303C8D276E0D2A00C260B0 /* KisiKayitVC.swift */ = {isa = PBXFileReference; lastKnownFileType = sourcecode.swift; path = KisiKayitVC.swift; sourceTree = "<group>"; };
		7C303C8F276E0D4B00C260B0 /* KisiDetayVC.swift */ = {isa = PBXFileReference; lastKnownFileType = sourcecode.swift; path = KisiDetayVC.swift; sourceTree = "<group>"; };
		7C303C91276E102100C260B0 /* Kisiler.swift */ = {isa = PBXFileReference; lastKnownFileType = sourcecode.swift; path = Kisiler.swift; sourceTree = "<group>"; };
		7C44F2E1276F5234007179C7 /* TableViewHucre.swift */ = {isa = PBXFileReference; lastKnownFileType = sourcecode.swift; path = TableViewHucre.swift; sourceTree = "<group>"; };
		7C79FC20277A20C9008EB9AD /* KisiKayitProtocols.swift */ = {isa = PBXFileReference; lastKnownFileType = sourcecode.swift; path = KisiKayitProtocols.swift; sourceTree = "<group>"; };
		7C79FC22277A22D1008EB9AD /* KisiKayitInteractor.swift */ = {isa = PBXFileReference; lastKnownFileType = sourcecode.swift; path = KisiKayitInteractor.swift; sourceTree = "<group>"; };
		7C79FC24277A2343008EB9AD /* KisiKayitPresenter.swift */ = {isa = PBXFileReference; lastKnownFileType = sourcecode.swift; path = KisiKayitPresenter.swift; sourceTree = "<group>"; };
		7C79FC26277A24B1008EB9AD /* KisiKayitRouter.swift */ = {isa = PBXFileReference; lastKnownFileType = sourcecode.swift; path = KisiKayitRouter.swift; sourceTree = "<group>"; };
		7C79FC2C277A2C27008EB9AD /* KisiDetayProtocols.swift */ = {isa = PBXFileReference; lastKnownFileType = sourcecode.swift; path = KisiDetayProtocols.swift; sourceTree = "<group>"; };
		7C79FC2E277A2E3B008EB9AD /* KisiDetayInteractor.swift */ = {isa = PBXFileReference; lastKnownFileType = sourcecode.swift; path = KisiDetayInteractor.swift; sourceTree = "<group>"; };
		7C79FC30277A2ECE008EB9AD /* KisiDetayPresenter.swift */ = {isa = PBXFileReference; lastKnownFileType = sourcecode.swift; path = KisiDetayPresenter.swift; sourceTree = "<group>"; };
		7C79FC32277A2FF2008EB9AD /* KisiDetayRouter.swift */ = {isa = PBXFileReference; lastKnownFileType = sourcecode.swift; path = KisiDetayRouter.swift; sourceTree = "<group>"; };
		7C79FC38277A332E008EB9AD /* AnasayfaProtocols.swift */ = {isa = PBXFileReference; lastKnownFileType = sourcecode.swift; path = AnasayfaProtocols.swift; sourceTree = "<group>"; };
		7C79FC3A277A3AC3008EB9AD /* AnasayfaInteractor.swift */ = {isa = PBXFileReference; lastKnownFileType = sourcecode.swift; path = AnasayfaInteractor.swift; sourceTree = "<group>"; };
		7C79FC3C277A3C61008EB9AD /* AnasayfaPresenter.swift */ = {isa = PBXFileReference; lastKnownFileType = sourcecode.swift; path = AnasayfaPresenter.swift; sourceTree = "<group>"; };
		7C79FC3E277A3FEF008EB9AD /* AnasayfaRouter.swift */ = {isa = PBXFileReference; lastKnownFileType = sourcecode.swift; path = AnasayfaRouter.swift; sourceTree = "<group>"; };
/* End PBXFileReference section */

/* Begin PBXFrameworksBuildPhase section */
		7C303C71276E0B5600C260B0 /* Frameworks */ = {
			isa = PBXFrameworksBuildPhase;
			buildActionMask = 2147483647;
			files = (
			);
			runOnlyForDeploymentPostprocessing = 0;
		};
/* End PBXFrameworksBuildPhase section */

/* Begin PBXGroup section */
		7C303C6B276E0B5600C260B0 = {
			isa = PBXGroup;
			children = (
				7C303C76276E0B5600C260B0 /* KisilerUygulamasi */,
				7C303C75276E0B5600C260B0 /* Products */,
			);
			sourceTree = "<group>";
		};
		7C303C75276E0B5600C260B0 /* Products */ = {
			isa = PBXGroup;
			children = (
				7C303C74276E0B5600C260B0 /* KisilerUygulamasi.app */,
			);
			name = Products;
			sourceTree = "<group>";
		};
		7C303C76276E0B5600C260B0 /* KisilerUygulamasi */ = {
			isa = PBXGroup;
			children = (
				7C79FC17277A1F1F008EB9AD /* kisidetay-module */,
				7C79FC16277A1F11008EB9AD /* kisikayit-module */,
				7C79FC15277A1F07008EB9AD /* ansayfa-module */,
				7C79FC14277A1EC3008EB9AD /* Entity */,
				7C303C77276E0B5600C260B0 /* AppDelegate.swift */,
				7C303C79276E0B5600C260B0 /* SceneDelegate.swift */,
				7C303C7D276E0B5600C260B0 /* Main.storyboard */,
				7C303C80276E0B5900C260B0 /* Assets.xcassets */,
				7C303C82276E0B5900C260B0 /* LaunchScreen.storyboard */,
				7C303C85276E0B5900C260B0 /* Info.plist */,
			);
			path = KisilerUygulamasi;
			sourceTree = "<group>";
		};
		7C79FC14277A1EC3008EB9AD /* Entity */ = {
			isa = PBXGroup;
			children = (
				7C303C91276E102100C260B0 /* Kisiler.swift */,
			);
			path = Entity;
			sourceTree = "<group>";
		};
		7C79FC15277A1F07008EB9AD /* ansayfa-module */ = {
			isa = PBXGroup;
			children = (
				7C79FC37277A3301008EB9AD /* router */,
				7C79FC36277A32F9008EB9AD /* presenter */,
				7C79FC35277A32EE008EB9AD /* interactor */,
				7C79FC34277A32E1008EB9AD /* protocols */,
				7C79FC1B277A1F80008EB9AD /* tableview */,
				7C79FC1A277A1F69008EB9AD /* view */,
			);
			path = "ansayfa-module";
			sourceTree = "<group>";
		};
		7C79FC16277A1F11008EB9AD /* kisikayit-module */ = {
			isa = PBXGroup;
			children = (
				7C79FC1F277A202D008EB9AD /* protocols */,
				7C79FC1E277A2021008EB9AD /* router */,
				7C79FC1D277A2017008EB9AD /* presenter */,
				7C79FC1C277A200C008EB9AD /* interactor */,
				7C79FC19277A1F5A008EB9AD /* view */,
			);
			path = "kisikayit-module";
			sourceTree = "<group>";
		};
		7C79FC17277A1F1F008EB9AD /* kisidetay-module */ = {
			isa = PBXGroup;
			children = (
				7C79FC2B277A2C05008EB9AD /* router */,
				7C79FC2A277A2BFD008EB9AD /* presenter */,
				7C79FC29277A2BF3008EB9AD /* interactor */,
				7C79FC28277A2BE3008EB9AD /* protocols */,
				7C79FC18277A1F4A008EB9AD /* view */,
			);
			path = "kisidetay-module";
			sourceTree = "<group>";
		};
		7C79FC18277A1F4A008EB9AD /* view */ = {
			isa = PBXGroup;
			children = (
				7C303C8F276E0D4B00C260B0 /* KisiDetayVC.swift */,
			);
			path = view;
			sourceTree = "<group>";
		};
		7C79FC19277A1F5A008EB9AD /* view */ = {
			isa = PBXGroup;
			children = (
				7C303C8D276E0D2A00C260B0 /* KisiKayitVC.swift */,
			);
			path = view;
			sourceTree = "<group>";
		};
		7C79FC1A277A1F69008EB9AD /* view */ = {
			isa = PBXGroup;
			children = (
				7C303C8B276E0C0400C260B0 /* AnasayfaVC.swift */,
			);
			path = view;
			sourceTree = "<group>";
		};
		7C79FC1B277A1F80008EB9AD /* tableview */ = {
			isa = PBXGroup;
			children = (
				7C44F2E1276F5234007179C7 /* TableViewHucre.swift */,
			);
			path = tableview;
			sourceTree = "<group>";
		};
		7C79FC1C277A200C008EB9AD /* interactor */ = {
			isa = PBXGroup;
			children = (
				7C79FC22277A22D1008EB9AD /* KisiKayitInteractor.swift */,
			);
			path = interactor;
			sourceTree = "<group>";
		};
		7C79FC1D277A2017008EB9AD /* presenter */ = {
			isa = PBXGroup;
			children = (
				7C79FC24277A2343008EB9AD /* KisiKayitPresenter.swift */,
			);
			path = presenter;
			sourceTree = "<group>";
		};
		7C79FC1E277A2021008EB9AD /* router */ = {
			isa = PBXGroup;
			children = (
				7C79FC26277A24B1008EB9AD /* KisiKayitRouter.swift */,
			);
			path = router;
			sourceTree = "<group>";
		};
		7C79FC1F277A202D008EB9AD /* protocols */ = {
			isa = PBXGroup;
			children = (
				7C79FC20277A20C9008EB9AD /* KisiKayitProtocols.swift */,
			);
			path = protocols;
			sourceTree = "<group>";
		};
		7C79FC28277A2BE3008EB9AD /* protocols */ = {
			isa = PBXGroup;
			children = (
				7C79FC2C277A2C27008EB9AD /* KisiDetayProtocols.swift */,
			);
			path = protocols;
			sourceTree = "<group>";
		};
		7C79FC29277A2BF3008EB9AD /* interactor */ = {
			isa = PBXGroup;
			children = (
				7C79FC2E277A2E3B008EB9AD /* KisiDetayInteractor.swift */,
			);
			path = interactor;
			sourceTree = "<group>";
		};
		7C79FC2A277A2BFD008EB9AD /* presenter */ = {
			isa = PBXGroup;
			children = (
				7C79FC30277A2ECE008EB9AD /* KisiDetayPresenter.swift */,
			);
			path = presenter;
			sourceTree = "<group>";
		};
		7C79FC2B277A2C05008EB9AD /* router */ = {
			isa = PBXGroup;
			children = (
				7C79FC32277A2FF2008EB9AD /* KisiDetayRouter.swift */,
			);
			path = router;
			sourceTree = "<group>";
		};
		7C79FC34277A32E1008EB9AD /* protocols */ = {
			isa = PBXGroup;
			children = (
				7C79FC38277A332E008EB9AD /* AnasayfaProtocols.swift */,
			);
			path = protocols;
			sourceTree = "<group>";
		};
		7C79FC35277A32EE008EB9AD /* interactor */ = {
			isa = PBXGroup;
			children = (
				7C79FC3A277A3AC3008EB9AD /* AnasayfaInteractor.swift */,
			);
			path = interactor;
			sourceTree = "<group>";
		};
		7C79FC36277A32F9008EB9AD /* presenter */ = {
			isa = PBXGroup;
			children = (
				7C79FC3C277A3C61008EB9AD /* AnasayfaPresenter.swift */,
			);
			path = presenter;
			sourceTree = "<group>";
		};
		7C79FC37277A3301008EB9AD /* router */ = {
			isa = PBXGroup;
			children = (
				7C79FC3E277A3FEF008EB9AD /* AnasayfaRouter.swift */,
			);
			path = router;
			sourceTree = "<group>";
		};
/* End PBXGroup section */

/* Begin PBXNativeTarget section */
		7C303C73276E0B5600C260B0 /* KisilerUygulamasi */ = {
			isa = PBXNativeTarget;
			buildConfigurationList = 7C303C88276E0B5900C260B0 /* Build configuration list for PBXNativeTarget "KisilerUygulamasi" */;
			buildPhases = (
				7C303C70276E0B5600C260B0 /* Sources */,
				7C303C71276E0B5600C260B0 /* Frameworks */,
				7C303C72276E0B5600C260B0 /* Resources */,
			);
			buildRules = (
			);
			dependencies = (
			);
			name = KisilerUygulamasi;
			productName = KisilerUygulamasi;
			productReference = 7C303C74276E0B5600C260B0 /* KisilerUygulamasi.app */;
			productType = "com.apple.product-type.application";
		};
/* End PBXNativeTarget section */

/* Begin PBXProject section */
		7C303C6C276E0B5600C260B0 /* Project object */ = {
			isa = PBXProject;
			attributes = {
				BuildIndependentTargetsInParallel = 1;
				LastSwiftUpdateCheck = 1310;
				LastUpgradeCheck = 1310;
				TargetAttributes = {
					7C303C73276E0B5600C260B0 = {
						CreatedOnToolsVersion = 13.1;
					};
				};
			};
			buildConfigurationList = 7C303C6F276E0B5600C260B0 /* Build configuration list for PBXProject "KisilerUygulamasi" */;
			compatibilityVersion = "Xcode 13.0";
			developmentRegion = en;
			hasScannedForEncodings = 0;
			knownRegions = (
				en,
				Base,
			);
			mainGroup = 7C303C6B276E0B5600C260B0;
			productRefGroup = 7C303C75276E0B5600C260B0 /* Products */;
			projectDirPath = "";
			projectRoot = "";
			targets = (
				7C303C73276E0B5600C260B0 /* KisilerUygulamasi */,
			);
		};
/* End PBXProject section */

/* Begin PBXResourcesBuildPhase section */
		7C303C72276E0B5600C260B0 /* Resources */ = {
			isa = PBXResourcesBuildPhase;
			buildActionMask = 2147483647;
			files = (
				7C303C84276E0B5900C260B0 /* LaunchScreen.storyboard in Resources */,
				7C303C81276E0B5900C260B0 /* Assets.xcassets in Resources */,
				7C303C7F276E0B5600C260B0 /* Main.storyboard in Resources */,
			);
			runOnlyForDeploymentPostprocessing = 0;
		};
/* End PBXResourcesBuildPhase section */

/* Begin PBXSourcesBuildPhase section */
		7C303C70276E0B5600C260B0 /* Sources */ = {
			isa = PBXSourcesBuildPhase;
			buildActionMask = 2147483647;
			files = (
				7C79FC27277A24B1008EB9AD /* KisiKayitRouter.swift in Sources */,
				7C303C90276E0D4B00C260B0 /* KisiDetayVC.swift in Sources */,
				7C79FC3F277A3FEF008EB9AD /* AnasayfaRouter.swift in Sources */,
				7C79FC3B277A3AC3008EB9AD /* AnasayfaInteractor.swift in Sources */,
				7C303C8C276E0C0400C260B0 /* AnasayfaVC.swift in Sources */,
				7C79FC3D277A3C61008EB9AD /* AnasayfaPresenter.swift in Sources */,
				7C79FC21277A20C9008EB9AD /* KisiKayitProtocols.swift in Sources */,
				7C303C78276E0B5600C260B0 /* AppDelegate.swift in Sources */,
				7C79FC23277A22D1008EB9AD /* KisiKayitInteractor.swift in Sources */,
				7C44F2E2276F5234007179C7 /* TableViewHucre.swift in Sources */,
				7C79FC2D277A2C27008EB9AD /* KisiDetayProtocols.swift in Sources */,
				7C79FC2F277A2E3B008EB9AD /* KisiDetayInteractor.swift in Sources */,
				7C303C7A276E0B5600C260B0 /* SceneDelegate.swift in Sources */,
				7C79FC31277A2ECE008EB9AD /* KisiDetayPresenter.swift in Sources */,
				7C79FC39277A332E008EB9AD /* AnasayfaProtocols.swift in Sources */,
				7C303C8E276E0D2A00C260B0 /* KisiKayitVC.swift in Sources */,
				7C79FC33277A2FF2008EB9AD /* KisiDetayRouter.swift in Sources */,
				7C303C92276E102100C260B0 /* Kisiler.swift in Sources */,
				7C79FC25277A2343008EB9AD /* KisiKayitPresenter.swift in Sources */,
			);
			runOnlyForDeploymentPostprocessing = 0;
		};
/* End PBXSourcesBuildPhase section */

/* Begin PBXVariantGroup section */
		7C303C7D276E0B5600C260B0 /* Main.storyboard */ = {
			isa = PBXVariantGroup;
			children = (
				7C303C7E276E0B5600C260B0 /* Base */,
			);
			name = Main.storyboard;
			sourceTree = "<group>";
		};
		7C303C82276E0B5900C260B0 /* LaunchScreen.storyboard */ = {
			isa = PBXVariantGroup;
			children = (
				7C303C83276E0B5900C260B0 /* Base */,
			);
			name = LaunchScreen.storyboard;
			sourceTree = "<group>";
		};
/* End PBXVariantGroup section */

/* Begin XCBuildConfiguration section */
		7C303C86276E0B5900C260B0 /* Debug */ = {
			isa = XCBuildConfiguration;
			buildSettings = {
				ALWAYS_SEARCH_USER_PATHS = NO;
				CLANG_ANALYZER_NONNULL = YES;
				CLANG_ANALYZER_NUMBER_OBJECT_CONVERSION = YES_AGGRESSIVE;
				CLANG_CXX_LANGUAGE_STANDARD = "gnu++17";
				CLANG_CXX_LIBRARY = "libc++";
				CLANG_ENABLE_MODULES = YES;
				CLANG_ENABLE_OBJC_ARC = YES;
				CLANG_ENABLE_OBJC_WEAK = YES;
				CLANG_WARN_BLOCK_CAPTURE_AUTORELEASING = YES;
				CLANG_WARN_BOOL_CONVERSION = YES;
				CLANG_WARN_COMMA = YES;
				CLANG_WARN_CONSTANT_CONVERSION = YES;
				CLANG_WARN_DEPRECATED_OBJC_IMPLEMENTATIONS = YES;
				CLANG_WARN_DIRECT_OBJC_ISA_USAGE = YES_ERROR;
				CLANG_WARN_DOCUMENTATION_COMMENTS = YES;
				CLANG_WARN_EMPTY_BODY = YES;
				CLANG_WARN_ENUM_CONVERSION = YES;
				CLANG_WARN_INFINITE_RECURSION = YES;
				CLANG_WARN_INT_CONVERSION = YES;
				CLANG_WARN_NON_LITERAL_NULL_CONVERSION = YES;
				CLANG_WARN_OBJC_IMPLICIT_RETAIN_SELF = YES;
				CLANG_WARN_OBJC_LITERAL_CONVERSION = YES;
				CLANG_WARN_OBJC_ROOT_CLASS = YES_ERROR;
				CLANG_WARN_QUOTED_INCLUDE_IN_FRAMEWORK_HEADER = YES;
				CLANG_WARN_RANGE_LOOP_ANALYSIS = YES;
				CLANG_WARN_STRICT_PROTOTYPES = YES;
				CLANG_WARN_SUSPICIOUS_MOVE = YES;
				CLANG_WARN_UNGUARDED_AVAILABILITY = YES_AGGRESSIVE;
				CLANG_WARN_UNREACHABLE_CODE = YES;
				CLANG_WARN__DUPLICATE_METHOD_MATCH = YES;
				COPY_PHASE_STRIP = NO;
				DEBUG_INFORMATION_FORMAT = dwarf;
				ENABLE_STRICT_OBJC_MSGSEND = YES;
				ENABLE_TESTABILITY = YES;
				GCC_C_LANGUAGE_STANDARD = gnu11;
				GCC_DYNAMIC_NO_PIC = NO;
				GCC_NO_COMMON_BLOCKS = YES;
				GCC_OPTIMIZATION_LEVEL = 0;
				GCC_PREPROCESSOR_DEFINITIONS = (
					"DEBUG=1",
					"$(inherited)",
				);
				GCC_WARN_64_TO_32_BIT_CONVERSION = YES;
				GCC_WARN_ABOUT_RETURN_TYPE = YES_ERROR;
				GCC_WARN_UNDECLARED_SELECTOR = YES;
				GCC_WARN_UNINITIALIZED_AUTOS = YES_AGGRESSIVE;
				GCC_WARN_UNUSED_FUNCTION = YES;
				GCC_WARN_UNUSED_VARIABLE = YES;
				IPHONEOS_DEPLOYMENT_TARGET = 15.0;
				MTL_ENABLE_DEBUG_INFO = INCLUDE_SOURCE;
				MTL_FAST_MATH = YES;
				ONLY_ACTIVE_ARCH = YES;
				SDKROOT = iphoneos;
				SWIFT_ACTIVE_COMPILATION_CONDITIONS = DEBUG;
				SWIFT_OPTIMIZATION_LEVEL = "-Onone";
			};
			name = Debug;
		};
		7C303C87276E0B5900C260B0 /* Release */ = {
			isa = XCBuildConfiguration;
			buildSettings = {
				ALWAYS_SEARCH_USER_PATHS = NO;
				CLANG_ANALYZER_NONNULL = YES;
				CLANG_ANALYZER_NUMBER_OBJECT_CONVERSION = YES_AGGRESSIVE;
				CLANG_CXX_LANGUAGE_STANDARD = "gnu++17";
				CLANG_CXX_LIBRARY = "libc++";
				CLANG_ENABLE_MODULES = YES;
				CLANG_ENABLE_OBJC_ARC = YES;
				CLANG_ENABLE_OBJC_WEAK = YES;
				CLANG_WARN_BLOCK_CAPTURE_AUTORELEASING = YES;
				CLANG_WARN_BOOL_CONVERSION = YES;
				CLANG_WARN_COMMA = YES;
				CLANG_WARN_CONSTANT_CONVERSION = YES;
				CLANG_WARN_DEPRECATED_OBJC_IMPLEMENTATIONS = YES;
				CLANG_WARN_DIRECT_OBJC_ISA_USAGE = YES_ERROR;
				CLANG_WARN_DOCUMENTATION_COMMENTS = YES;
				CLANG_WARN_EMPTY_BODY = YES;
				CLANG_WARN_ENUM_CONVERSION = YES;
				CLANG_WARN_INFINITE_RECURSION = YES;
				CLANG_WARN_INT_CONVERSION = YES;
				CLANG_WARN_NON_LITERAL_NULL_CONVERSION = YES;
				CLANG_WARN_OBJC_IMPLICIT_RETAIN_SELF = YES;
				CLANG_WARN_OBJC_LITERAL_CONVERSION = YES;
				CLANG_WARN_OBJC_ROOT_CLASS = YES_ERROR;
				CLANG_WARN_QUOTED_INCLUDE_IN_FRAMEWORK_HEADER = YES;
				CLANG_WARN_RANGE_LOOP_ANALYSIS = YES;
				CLANG_WARN_STRICT_PROTOTYPES = YES;
				CLANG_WARN_SUSPICIOUS_MOVE = YES;
				CLANG_WARN_UNGUARDED_AVAILABILITY = YES_AGGRESSIVE;
				CLANG_WARN_UNREACHABLE_CODE = YES;
				CLANG_WARN__DUPLICATE_METHOD_MATCH = YES;
				COPY_PHASE_STRIP = NO;
				DEBUG_INFORMATION_FORMAT = "dwarf-with-dsym";
				ENABLE_NS_ASSERTIONS = NO;
				ENABLE_STRICT_OBJC_MSGSEND = YES;
				GCC_C_LANGUAGE_STANDARD = gnu11;
				GCC_NO_COMMON_BLOCKS = YES;
				GCC_WARN_64_TO_32_BIT_CONVERSION = YES;
				GCC_WARN_ABOUT_RETURN_TYPE = YES_ERROR;
				GCC_WARN_UNDECLARED_SELECTOR = YES;
				GCC_WARN_UNINITIALIZED_AUTOS = YES_AGGRESSIVE;
				GCC_WARN_UNUSED_FUNCTION = YES;
				GCC_WARN_UNUSED_VARIABLE = YES;
				IPHONEOS_DEPLOYMENT_TARGET = 15.0;
				MTL_ENABLE_DEBUG_INFO = NO;
				MTL_FAST_MATH = YES;
				SDKROOT = iphoneos;
				SWIFT_COMPILATION_MODE = wholemodule;
				SWIFT_OPTIMIZATION_LEVEL = "-O";
				VALIDATE_PRODUCT = YES;
			};
			name = Release;
		};
		7C303C89276E0B5900C260B0 /* Debug */ = {
			isa = XCBuildConfiguration;
			buildSettings = {
				ASSETCATALOG_COMPILER_APPICON_NAME = AppIcon;
				ASSETCATALOG_COMPILER_GLOBAL_ACCENT_COLOR_NAME = AccentColor;
				CODE_SIGN_STYLE = Automatic;
				CURRENT_PROJECT_VERSION = 1;
				GENERATE_INFOPLIST_FILE = YES;
				INFOPLIST_FILE = KisilerUygulamasi/Info.plist;
				INFOPLIST_KEY_UIApplicationSupportsIndirectInputEvents = YES;
				INFOPLIST_KEY_UILaunchStoryboardName = LaunchScreen;
				INFOPLIST_KEY_UIMainStoryboardFile = Main;
				INFOPLIST_KEY_UISupportedInterfaceOrientations_iPad = "UIInterfaceOrientationPortrait UIInterfaceOrientationPortraitUpsideDown UIInterfaceOrientationLandscapeLeft UIInterfaceOrientationLandscapeRight";
				INFOPLIST_KEY_UISupportedInterfaceOrientations_iPhone = "UIInterfaceOrientationPortrait UIInterfaceOrientationLandscapeLeft UIInterfaceOrientationLandscapeRight";
				LD_RUNPATH_SEARCH_PATHS = (
					"$(inherited)",
					"@executable_path/Frameworks",
				);
				MARKETING_VERSION = 1.0;
				PRODUCT_BUNDLE_IDENTIFIER = info.KisilerUygulamasi;
				PRODUCT_NAME = "$(TARGET_NAME)";
				SWIFT_EMIT_LOC_STRINGS = YES;
				SWIFT_VERSION = 5.0;
				TARGETED_DEVICE_FAMILY = "1,2";
			};
			name = Debug;
		};
		7C303C8A276E0B5900C260B0 /* Release */ = {
			isa = XCBuildConfiguration;
			buildSettings = {
				ASSETCATALOG_COMPILER_APPICON_NAME = AppIcon;
				ASSETCATALOG_COMPILER_GLOBAL_ACCENT_COLOR_NAME = AccentColor;
				CODE_SIGN_STYLE = Automatic;
				CURRENT_PROJECT_VERSION = 1;
				GENERATE_INFOPLIST_FILE = YES;
				INFOPLIST_FILE = KisilerUygulamasi/Info.plist;
				INFOPLIST_KEY_UIApplicationSupportsIndirectInputEvents = YES;
				INFOPLIST_KEY_UILaunchStoryboardName = LaunchScreen;
				INFOPLIST_KEY_UIMainStoryboardFile = Main;
				INFOPLIST_KEY_UISupportedInterfaceOrientations_iPad = "UIInterfaceOrientationPortrait UIInterfaceOrientationPortraitUpsideDown UIInterfaceOrientationLandscapeLeft UIInterfaceOrientationLandscapeRight";
				INFOPLIST_KEY_UISupportedInterfaceOrientations_iPhone = "UIInterfaceOrientationPortrait UIInterfaceOrientationLandscapeLeft UIInterfaceOrientationLandscapeRight";
				LD_RUNPATH_SEARCH_PATHS = (
					"$(inherited)",
					"@executable_path/Frameworks",
				);
				MARKETING_VERSION = 1.0;
				PRODUCT_BUNDLE_IDENTIFIER = info.KisilerUygulamasi;
				PRODUCT_NAME = "$(TARGET_NAME)";
				SWIFT_EMIT_LOC_STRINGS = YES;
				SWIFT_VERSION = 5.0;
				TARGETED_DEVICE_FAMILY = "1,2";
			};
			name = Release;
		};
/* End XCBuildConfiguration section */

/* Begin XCConfigurationList section */
		7C303C6F276E0B5600C260B0 /* Build configuration list for PBXProject "KisilerUygulamasi" */ = {
			isa = XCConfigurationList;
			buildConfigurations = (
				7C303C86276E0B5900C260B0 /* Debug */,
				7C303C87276E0B5900C260B0 /* Release */,
			);
			defaultConfigurationIsVisible = 0;
			defaultConfigurationName = Release;
		};
		7C303C88276E0B5900C260B0 /* Build configuration list for PBXNativeTarget "KisilerUygulamasi" */ = {
			isa = XCConfigurationList;
			buildConfigurations = (
				7C303C89276E0B5900C260B0 /* Debug */,
				7C303C8A276E0B5900C260B0 /* Release */,
			);
			defaultConfigurationIsVisible = 0;
			defaultConfigurationName = Release;
		};
/* End XCConfigurationList section */
	};
	rootObject = 7C303C6C276E0B5600C260B0 /* Project object */;
}
